PODS:
  - convex_dart (0.0.1):
    - FlutterMacOS
  - FlutterMacOS (1.0.0)

DEPENDENCIES:
  - convex_dart (from `Flutter/ephemeral/.symlinks/plugins/convex_dart/macos`)
  - FlutterMacOS (from `Flutter/ephemeral`)

EXTERNAL SOURCES:
  convex_dart:
    :path: Flutter/ephemeral/.symlinks/plugins/convex_dart/macos
  FlutterMacOS:
    :path: Flutter/ephemeral

SPEC CHECKSUMS:
  convex_dart: d0617ae6969894910eeeea5b8ef395ee4774aa21
  FlutterMacOS: 8f6f14fa908a6fb3fba0cd85dbd81ec4b251fb24

PODFILE CHECKSUM: 7eb978b976557c8c1cd717d8185ec483fd090a82

COCOAPODS: 1.16.2
